{
  "version": 4,
  "terraform_version": "1.5.5",
  "serial": 30,
  "lineage": "1964c565-a07b-ed34-6554-b2d29198c1fd",
  "outputs": {},
  "resources": [
    {
      "mode": "managed",
      "type": "tanzu-mission-control_cluster_group",
      "name": "create_cluster_group_min_info",
      "provider": "provider[\"registry.terraform.io/vmware/tanzu-mission-control\"]",
      "instances": [
        {
          "schema_version": 0,
          "attributes": {
            "id": "cg:01H8F583VW28ZRHVV2C36V0N4B",
            "meta": [
              {
                "annotations": {
                  "authoritativeRID": "rid:cg:c7525410-d7f0-47b3-8c0a-ffbba889c4b8:rohan-cluster-group-using-tf-for-explore"
                },
                "description": "cluster group created through terraform",
                "labels": {
                  "createdby": "rohan",
                  "usedfor": "vmware-explore"
                },
                "resource_version": "31273",
                "uid": "cg:01H8F583VW28ZRHVV2C36V0N4B"
              }
            ],
            "name": "rohan-cluster-group-using-tf-for-explore"
          },
          "sensitive_attributes": [],
          "private": "bnVsbA=="
        }
      ]
    },
    {
      "mode": "managed",
      "type": "tanzu-mission-control_iam_policy",
      "name": "cluster_group_scoped_iam_policy",
      "provider": "provider[\"registry.terraform.io/vmware/tanzu-mission-control\"]",
      "instances": [
        {
          "schema_version": 0,
          "attributes": {
            "id": "cg:01H8F583VW28ZRHVV2C36V0N4B",
            "meta": [
              {
                "annotations": {},
                "description": "",
                "labels": {},
                "resource_version": "",
                "uid": "cg:01H8F583VW28ZRHVV2C36V0N4B"
              }
            ],
            "role_bindings": [
              {
                "role": "clustergroup.admin",
                "subjects": [
                  {
                    "kind": "USER",
                    "name": "nick"
                  }
                ]
              }
            ],
            "scope": [
              {
                "cluster": [],
                "cluster_group": [
                  {
                    "name": "rohan-cluster-group-using-tf-for-explore"
                  }
                ],
                "namespace": [],
                "organization": [],
                "workspace": []
              }
            ]
          },
          "sensitive_attributes": [],
          "private": "bnVsbA=="
        }
      ]
    },
    {
      "mode": "managed",
      "type": "tanzu-mission-control_iam_policy",
      "name": "workspace_scoped_iam_policy",
      "provider": "provider[\"registry.terraform.io/vmware/tanzu-mission-control\"]",
      "instances": [
        {
          "schema_version": 0,
          "attributes": {
            "id": "ws:01H8F63F133VQJ3AJ55EYYHVP0",
            "meta": [
              {
                "annotations": {},
                "description": "",
                "labels": {},
                "resource_version": "",
                "uid": "ws:01H8F63F133VQJ3AJ55EYYHVP0"
              }
            ],
            "role_bindings": [
              {
                "role": "workspace.edit",
                "subjects": [
                  {
                    "kind": "USER",
                    "name": "romukesh"
                  }
                ]
              }
            ],
            "scope": [
              {
                "cluster": [],
                "cluster_group": [],
                "namespace": [],
                "organization": [],
                "workspace": [
                  {
                    "name": "rohan-workspace-for-explore"
                  }
                ]
              }
            ]
          },
          "sensitive_attributes": [],
          "private": "bnVsbA=="
        }
      ]
    },
    {
      "mode": "managed",
      "type": "tanzu-mission-control_network_policy",
      "name": "workspace_scoped_allow-all_network_policy",
      "provider": "provider[\"registry.terraform.io/vmware/tanzu-mission-control\"]",
      "instances": [
        {
          "schema_version": 0,
          "attributes": {
            "id": "p:01H8F6PS185GN2QV7EAF3W54MP",
            "meta": [
              {
                "annotations": {},
                "description": "",
                "labels": {},
                "resource_version": "8620",
                "uid": "p:01H8F6PS185GN2QV7EAF3W54MP"
              }
            ],
            "name": "tf-network-policy",
            "scope": [
              {
                "cluster": [],
                "cluster_group": [],
                "organization": [],
                "workspace": [
                  {
                    "workspace": "rohan-workspace-for-explore"
                  }
                ]
              }
            ],
            "spec": [
              {
                "input": [
                  {
                    "allow_all": [
                      {
                        "from_own_namespace": true
                      }
                    ],
                    "allow_all_egress": [],
                    "allow_all_to_pods": [],
                    "custom_egress": [],
                    "custom_ingress": [],
                    "deny_all": [],
                    "deny_all_egress": [],
                    "deny_all_to_pods": []
                  }
                ],
                "namespace_selector": [
                  {
                    "match_expressions": [
                      {
                        "key": "component",
                        "operator": "In",
                        "values": [
                          "api-server",
                          "agent-gateway"
                        ]
                      },
                      {
                        "key": "not-a-component",
                        "operator": "DoesNotExist",
                        "values": []
                      }
                    ]
                  }
                ]
              }
            ]
          },
          "sensitive_attributes": [],
          "private": "bnVsbA=="
        }
      ]
    },
    {
      "mode": "managed",
      "type": "tanzu-mission-control_security_policy",
      "name": "cluster_scoped_baseline_security_policy",
      "provider": "provider[\"registry.terraform.io/vmware/tanzu-mission-control\"]",
      "instances": [
        {
          "schema_version": 0,
          "attributes": {
            "id": "p:01H8F5844EXNBC4D3C8VW58K7Q",
            "meta": [
              {
                "annotations": {},
                "description": "",
                "labels": {},
                "resource_version": "8619",
                "uid": "p:01H8F5844EXNBC4D3C8VW58K7Q"
              }
            ],
            "name": "tf-security-policy",
            "scope": [
              {
                "cluster": [],
                "cluster_group": [
                  {
                    "cluster_group": "rohan-cluster-group-using-tf-for-explore"
                  }
                ],
                "organization": [],
                "workspace": []
              }
            ],
            "spec": [
              {
                "input": [
                  {
                    "baseline": [
                      {
                        "audit": true,
                        "disable_native_psp": true
                      }
                    ],
                    "custom": [],
                    "strict": []
                  }
                ],
                "namespace_selector": [
                  {
                    "match_expressions": [
                      {
                        "key": "component",
                        "operator": "DoesNotExist",
                        "values": []
                      }
                    ]
                  }
                ]
              }
            ]
          },
          "sensitive_attributes": [],
          "private": "bnVsbA==",
          "dependencies": [
            "tanzu-mission-control_cluster_group.create_cluster_group_min_info"
          ]
        }
      ]
    },
    {
      "mode": "managed",
      "type": "tanzu-mission-control_workspace",
      "name": "create_workspace",
      "provider": "provider[\"registry.terraform.io/vmware/tanzu-mission-control\"]",
      "instances": [
        {
          "schema_version": 0,
          "attributes": {
            "id": "ws:01H8F63F133VQJ3AJ55EYYHVP0",
            "meta": [
              {
                "annotations": {
                  "authoritativeRID": "rid:ws:c7525410-d7f0-47b3-8c0a-ffbba889c4b8:rohan-workspace-for-explore"
                },
                "description": "Create workspace through terraform",
                "labels": {
                  "cloud": "vmware"
                },
                "resource_version": "10046",
                "uid": "ws:01H8F63F133VQJ3AJ55EYYHVP0"
              }
            ],
            "name": "rohan-workspace-for-explore"
          },
          "sensitive_attributes": [],
          "private": "bnVsbA=="
        }
      ]
    }
  ],
  "check_results": null
}
